
Microsoft Visual Studio Solution File, Format Version 12.00
# Visual Studio Version 16
VisualStudioVersion = 16.0.31624.102
MinimumVisualStudioVersion = 10.0.40219.1
Project("{FAE04EC0-301F-11D3-BF4B-00C04F79EFBC}") = "series", "series\series.csproj", "{F8EAFDFA-9B39-4D21-AE02-5E683B82F945}"
EndProject
Global
	GlobalSection(SolutionConfigurationPlatforms) = preSolution
		Debug|Any CPU = Debug|Any CPU
		Release|Any CPU = Release|Any CPU
	EndGlobalSection
	GlobalSection(ProjectConfigurationPlatforms) = postSolution
		{F8EAFDFA-9B39-4D21-AE02-5E683B82F945}.Debug|Any CPU.ActiveCfg = Debug|Any CPU
		{F8EAFDFA-9B39-4D21-AE02-5E683B82F945}.Debug|Any CPU.Build.0 = Debug|Any CPU
		{F8EAFDFA-9B39-4D21-AE02-5E683B82F945}.Release|Any CPU.ActiveCfg = Release|Any CPU
		{F8EAFDFA-9B39-4D21-AE02-5E683B82F945}.Release|Any CPU.Build.0 = Release|Any CPU
	EndGlobalSection
	GlobalSection(SolutionProperties) = preSolution
		HideSolutionNode = FALSE
	EndGlobalSection
	GlobalSection(ExtensibilityGlobals) = postSolution
		SolutionGuid = {38F0127F-93EB-47B8-871A-1ABB04AF4649}
	EndGlobalSection
EndGlobal
